
Microsoft Visual Studio Solution File, Format Version 12.00
# Visual Studio Version 16
VisualStudioVersion = 16.0.29728.190
MinimumVisualStudioVersion = 10.0.40219.1
Project("{FAE04EC0-301F-11D3-BF4B-00C04F79EFBC}") = "GlobeAuction", "GlobeAuction\GlobeAuction.csproj", "{474BD74E-A70C-4CFC-9CE8-231350718BBE}"
EndProject
Project("{FAE04EC0-301F-11D3-BF4B-00C04F79EFBC}") = "GlobeAuction.Features", "GlobeAuction.Features\GlobeAuction.Features.csproj", "{687DBA4E-068C-4AF3-AC91-9FD8F8A073EE}"
EndProject
Project("{2150E333-8FDC-42A3-9474-1A3956D46DE8}") = "Testing", "Testing", "{4D770BF8-CC95-42CD-8453-7A8C07B30749}"
EndProject
Global
	GlobalSection(SolutionConfigurationPlatforms) = preSolution
		Debug|Any CPU = Debug|Any CPU
		Release|Any CPU = Release|Any CPU
	EndGlobalSection
	GlobalSection(ProjectConfigurationPlatforms) = postSolution
		{474BD74E-A70C-4CFC-9CE8-231350718BBE}.Debug|Any CPU.ActiveCfg = Debug|Any CPU
		{474BD74E-A70C-4CFC-9CE8-231350718BBE}.Debug|Any CPU.Build.0 = Debug|Any CPU
		{474BD74E-A70C-4CFC-9CE8-231350718BBE}.Release|Any CPU.ActiveCfg = Release|Any CPU
		{474BD74E-A70C-4CFC-9CE8-231350718BBE}.Release|Any CPU.Build.0 = Release|Any CPU
		{687DBA4E-068C-4AF3-AC91-9FD8F8A073EE}.Debug|Any CPU.ActiveCfg = Debug|Any CPU
		{687DBA4E-068C-4AF3-AC91-9FD8F8A073EE}.Debug|Any CPU.Build.0 = Debug|Any CPU
		{687DBA4E-068C-4AF3-AC91-9FD8F8A073EE}.Release|Any CPU.ActiveCfg = Release|Any CPU
		{687DBA4E-068C-4AF3-AC91-9FD8F8A073EE}.Release|Any CPU.Build.0 = Release|Any CPU
	EndGlobalSection
	GlobalSection(SolutionProperties) = preSolution
		HideSolutionNode = FALSE
	EndGlobalSection
	GlobalSection(NestedProjects) = preSolution
		{687DBA4E-068C-4AF3-AC91-9FD8F8A073EE} = {4D770BF8-CC95-42CD-8453-7A8C07B30749}
	EndGlobalSection
	GlobalSection(ExtensibilityGlobals) = postSolution
		SolutionGuid = {26CC4D81-891D-487F-849F-EC22A25B61AF}
	EndGlobalSection
EndGlobal
